
Microsoft Visual Studio Solution File, Format Version 12.00
# Visual Studio Version 16
VisualStudioVersion = 16.0.31313.79
MinimumVisualStudioVersion = 10.0.40219.1
Project("{9A19103F-16F7-4668-BE54-9A1E7A4F7556}") = "BlackstarSolar.AspNetCore.Identity.PwnedPasswords", "BlackstarSolar.AspNetCore.Identity.PwnedPasswords\BlackstarSolar.AspNetCore.Identity.PwnedPasswords.csproj", "{A2C0EF1E-C537-4967-AA12-C53341947245}"
EndProject
Project("{9A19103F-16F7-4668-BE54-9A1E7A4F7556}") = "SharpPwned.NET", "..\SharpPwned.NET\SharpPwned.NET\SharpPwned.NET.csproj", "{09F0C3F2-2F84-426D-BF66-E7271AA620A3}"
EndProject
Global
	GlobalSection(SolutionConfigurationPlatforms) = preSolution
		Debug|Any CPU = Debug|Any CPU
		Release|Any CPU = Release|Any CPU
	EndGlobalSection
	GlobalSection(ProjectConfigurationPlatforms) = postSolution
		{A2C0EF1E-C537-4967-AA12-C53341947245}.Debug|Any CPU.ActiveCfg = Debug|Any CPU
		{A2C0EF1E-C537-4967-AA12-C53341947245}.Debug|Any CPU.Build.0 = Debug|Any CPU
		{A2C0EF1E-C537-4967-AA12-C53341947245}.Release|Any CPU.ActiveCfg = Release|Any CPU
		{A2C0EF1E-C537-4967-AA12-C53341947245}.Release|Any CPU.Build.0 = Release|Any CPU
		{09F0C3F2-2F84-426D-BF66-E7271AA620A3}.Debug|Any CPU.ActiveCfg = Debug|Any CPU
		{09F0C3F2-2F84-426D-BF66-E7271AA620A3}.Debug|Any CPU.Build.0 = Debug|Any CPU
		{09F0C3F2-2F84-426D-BF66-E7271AA620A3}.Release|Any CPU.ActiveCfg = Release|Any CPU
		{09F0C3F2-2F84-426D-BF66-E7271AA620A3}.Release|Any CPU.Build.0 = Release|Any CPU
	EndGlobalSection
	GlobalSection(SolutionProperties) = preSolution
		HideSolutionNode = FALSE
	EndGlobalSection
	GlobalSection(ExtensibilityGlobals) = postSolution
		SolutionGuid = {333ED09B-4650-4323-8143-74A1EC405B8E}
	EndGlobalSection
EndGlobal
